
Microsoft Visual Studio Solution File, Format Version 12.00
# Visual Studio Version 17
VisualStudioVersion = 17.3.32811.315
MinimumVisualStudioVersion = 10.0.40219.1
Project("{FAE04EC0-301F-11D3-BF4B-00C04F79EFBC}") = "ClickNFight", "ClickNFight.csproj", "{BAC75D2D-20CF-419A-845D-ED84E7C5F9FA}"
EndProject
Global
	GlobalSection(SolutionConfigurationPlatforms) = preSolution
		Debug|Any CPU = Debug|Any CPU
		Release|Any CPU = Release|Any CPU
	EndGlobalSection
	GlobalSection(ProjectConfigurationPlatforms) = postSolution
		{BAC75D2D-20CF-419A-845D-ED84E7C5F9FA}.Debug|Any CPU.ActiveCfg = Debug|Any CPU
		{BAC75D2D-20CF-419A-845D-ED84E7C5F9FA}.Debug|Any CPU.Build.0 = Debug|Any CPU
		{BAC75D2D-20CF-419A-845D-ED84E7C5F9FA}.Release|Any CPU.ActiveCfg = Release|Any CPU
		{BAC75D2D-20CF-419A-845D-ED84E7C5F9FA}.Release|Any CPU.Build.0 = Release|Any CPU
	EndGlobalSection
	GlobalSection(SolutionProperties) = preSolution
		HideSolutionNode = FALSE
	EndGlobalSection
	GlobalSection(ExtensibilityGlobals) = postSolution
		SolutionGuid = {50B22280-C05E-414E-ADF1-348C864C3260}
	EndGlobalSection
EndGlobal
